
Microsoft Visual Studio Solution File, Format Version 12.00
# Visual Studio Version 16
VisualStudioVersion = 16.0.30611.23
MinimumVisualStudioVersion = 10.0.40219.1
Project("{FAE04EC0-301F-11D3-BF4B-00C04F79EFBC}") = "ML.SniperSimulator", "ML.SniperSimulator.csproj", "{6C1CA2A7-31C4-44DE-B3BD-34351F44A1F3}"
EndProject
Global
	GlobalSection(SolutionConfigurationPlatforms) = preSolution
		Debug|Any CPU = Debug|Any CPU
		Release|Any CPU = Release|Any CPU
	EndGlobalSection
	GlobalSection(ProjectConfigurationPlatforms) = postSolution
		{6C1CA2A7-31C4-44DE-B3BD-34351F44A1F3}.Debug|Any CPU.ActiveCfg = Debug|Any CPU
		{6C1CA2A7-31C4-44DE-B3BD-34351F44A1F3}.Debug|Any CPU.Build.0 = Debug|Any CPU
		{6C1CA2A7-31C4-44DE-B3BD-34351F44A1F3}.Release|Any CPU.ActiveCfg = Release|Any CPU
		{6C1CA2A7-31C4-44DE-B3BD-34351F44A1F3}.Release|Any CPU.Build.0 = Release|Any CPU
	EndGlobalSection
	GlobalSection(SolutionProperties) = preSolution
		HideSolutionNode = FALSE
	EndGlobalSection
	GlobalSection(ExtensibilityGlobals) = postSolution
		SolutionGuid = {463B261F-358B-42EF-BF6C-C3DB1E73C4B6}
	EndGlobalSection
EndGlobal
